<Solution>
  <Folder Name="/src/">
    <Project Path="src/KnOwl.Contracts/KnOwl.Contracts.csproj" />
    <Project Path="src/KnOwl.ControlPlane/KnOwl.ControlPlane.csproj" />
    <Project Path="src/KnOwl.ControlPlane.Api/KnOwl.ControlPlane.Api.csproj" />
    <Project Path="src/KnOwl.ControlPlane.Application/KnOwl.ControlPlane.Application.csproj" />
    <Project Path="src/KnOwl.ControlPlane.Bootstrap/KnOwl.ControlPlane.Bootstrap.csproj" />
    <Project Path="src/KnOwl.ControlPlane.Storage.EntityFramework/KnOwl.ControlPlane.Storage.EntityFramework.csproj" />
    <Project Path="src/KnOwl.ControlPlane.WebUI/KnOwl.ControlPlane.WebUI.csproj" />
    <Project Path="src/KnOwl.Documentation/KnOwl.Documentation.csproj" />
    <Project Path="src/KnOwl.Documentation.Api/KnOwl.Documentation.Api.csproj" />
    <Project Path="src/KnOwl.Documentation.Application/KnOwl.Documentation.Application.csproj" />
    <Project Path="src/KnOwl.Documentation.Storage.EntityFramework/KnOwl.Documentation.Storage.EntityFramework.csproj" />
    <Project Path="src/KnOwl.Documentation.WebUI/KnOwl.Documentation.WebUI.csproj" />
    <Project Path="src/KnOwl.Runtime/KnOwl.Runtime.csproj" />
    <Project Path="src/KnOwl.Runtime.Api/KnOwl.Runtime.Api.csproj" />
    <Project Path="src/KnOwl.Runtime.Application/KnOwl.Runtime.Application.csproj" />
    <Project Path="src/KnOwl.Runtime.Bootstrap/KnOwl.Runtime.Bootstrap.csproj" />
    <Project Path="src/KnOwl.Runtime.Storage.EntityFramework/KnOwl.Runtime.Storage.EntityFramework.csproj" />
    <Project Path="src/KnOwl.Runtime.WebUI/KnOwl.Runtime.WebUI.csproj" />
    <Project Path="src/KnOwl.Security/KnOwl.Security.csproj" />
    <Project Path="src/KnOwl.Security.Storage.EntityFramework/KnOwl.Security.Storage.EntityFramework.csproj" />
  </Folder>
  <Folder Name="/samples/">
    <Project Path="samples/KnOwl.ControlPlaneHost.Sample/KnOwl.ControlPlaneHost.Sample.csproj" />
    <Project Path="samples/KnOwl.RuntimeHost.Sample/KnOwl.RuntimeHost.Sample.csproj" />
  </Folder>
  <Folder Name="/tests/">
    <Project Path="tests/KnOwl.Tests/KnOwl.Tests.csproj" />
  </Folder>
</Solution>
